
Microsoft Visual Studio Solution File, Format Version 12.00
# Visual Studio Version 16
VisualStudioVersion = 16.0.29905.134
MinimumVisualStudioVersion = 10.0.40219.1
Project("{9A19103F-16F7-4668-BE54-9A1E7A4F7556}") = "TxCommand", "TxCommand\TxCommand.csproj", "{513B97B7-62E5-40B1-BA9C-C292100FA656}"
EndProject
Project("{9A19103F-16F7-4668-BE54-9A1E7A4F7556}") = "TxCommand.Abstractions", "TxCommand.Abstractions\TxCommand.Abstractions.csproj", "{B12D5EE5-EFA9-4492-8897-DD39A2889ABF}"
EndProject
Project("{9A19103F-16F7-4668-BE54-9A1E7A4F7556}") = "TxCommand.NetCore3_1.Tests", "TxCommand.NetCore3_1.Tests\TxCommand.NetCore3_1.Tests.csproj", "{9AD7230D-988A-466C-9536-37340078BBA1}"
EndProject
Project("{2150E333-8FDC-42A3-9474-1A3956D46DE8}") = "Sql", "Sql", "{A09BDC81-7A8A-46C4-83B9-E7148E5627F5}"
EndProject
Project("{9A19103F-16F7-4668-BE54-9A1E7A4F7556}") = "TxCommand.Sql", "Sql\TxCommand.Sql\TxCommand.Sql.csproj", "{BC3755CF-12D8-42F3-ACB5-F7CC11218CD7}"
EndProject
Project("{9A19103F-16F7-4668-BE54-9A1E7A4F7556}") = "TxCommand.Sql.Abstractions", "Sql\TxCommand.Sql.Abstractions\TxCommand.Sql.Abstractions.csproj", "{B55572A6-D9B4-45CA-8648-EE7E87638948}"
EndProject
Project("{9A19103F-16F7-4668-BE54-9A1E7A4F7556}") = "TxCommand.Net5.Tests", "TxCommand.Net5.Tests\TxCommand.Net5.Tests.csproj", "{77226287-7F3C-47E9-BD8B-9D9B82CAAC9E}"
EndProject
Project("{9A19103F-16F7-4668-BE54-9A1E7A4F7556}") = "TxCommand.Sql.Net5.Tests", "Sql\TxCommand.Sql.Net5.Tests\TxCommand.Sql.Net5.Tests.csproj", "{066B378A-8E28-49F9-8EAB-0D70FF0AE939}"
EndProject
Project("{9A19103F-16F7-4668-BE54-9A1E7A4F7556}") = "TxCommand.Sql.NetCore3_1.Tests", "Sql\TxCommand.Sql.NetCore3_1.Tests\TxCommand.Sql.NetCore3_1.Tests.csproj", "{D9B675D0-8B64-46CC-8959-6D9426313EA3}"
EndProject
Project("{2150E333-8FDC-42A3-9474-1A3956D46DE8}") = "Mongo", "Mongo", "{3E2C37C5-CC57-4B22-B218-961D8A8100DE}"
EndProject
Project("{9A19103F-16F7-4668-BE54-9A1E7A4F7556}") = "TxCommand.Mongo", "Mongo\TxCommand.Mongo\TxCommand.Mongo.csproj", "{5909D55A-E408-4D64-A0E9-92682D3096E0}"
EndProject
Project("{FAE04EC0-301F-11D3-BF4B-00C04F79EFBC}") = "TxCommand.Mongo.Abstractions", "Mongo\TxCommand.Mongo.Abstractions\TxCommand.Mongo.Abstractions.csproj", "{3F428708-5B9E-4AA6-9768-0E1D5881C466}"
EndProject
Global
	GlobalSection(SolutionConfigurationPlatforms) = preSolution
		Debug|Any CPU = Debug|Any CPU
		Release|Any CPU = Release|Any CPU
	EndGlobalSection
	GlobalSection(ProjectConfigurationPlatforms) = postSolution
		{513B97B7-62E5-40B1-BA9C-C292100FA656}.Debug|Any CPU.ActiveCfg = Debug|Any CPU
		{513B97B7-62E5-40B1-BA9C-C292100FA656}.Debug|Any CPU.Build.0 = Debug|Any CPU
		{513B97B7-62E5-40B1-BA9C-C292100FA656}.Release|Any CPU.ActiveCfg = Release|Any CPU
		{513B97B7-62E5-40B1-BA9C-C292100FA656}.Release|Any CPU.Build.0 = Release|Any CPU
		{B12D5EE5-EFA9-4492-8897-DD39A2889ABF}.Debug|Any CPU.ActiveCfg = Debug|Any CPU
		{B12D5EE5-EFA9-4492-8897-DD39A2889ABF}.Debug|Any CPU.Build.0 = Debug|Any CPU
		{B12D5EE5-EFA9-4492-8897-DD39A2889ABF}.Release|Any CPU.ActiveCfg = Release|Any CPU
		{B12D5EE5-EFA9-4492-8897-DD39A2889ABF}.Release|Any CPU.Build.0 = Release|Any CPU
		{9AD7230D-988A-466C-9536-37340078BBA1}.Debug|Any CPU.ActiveCfg = Debug|Any CPU
		{9AD7230D-988A-466C-9536-37340078BBA1}.Debug|Any CPU.Build.0 = Debug|Any CPU
		{9AD7230D-988A-466C-9536-37340078BBA1}.Release|Any CPU.ActiveCfg = Release|Any CPU
		{9AD7230D-988A-466C-9536-37340078BBA1}.Release|Any CPU.Build.0 = Release|Any CPU
		{BC3755CF-12D8-42F3-ACB5-F7CC11218CD7}.Debug|Any CPU.ActiveCfg = Debug|Any CPU
		{BC3755CF-12D8-42F3-ACB5-F7CC11218CD7}.Debug|Any CPU.Build.0 = Debug|Any CPU
		{BC3755CF-12D8-42F3-ACB5-F7CC11218CD7}.Release|Any CPU.ActiveCfg = Release|Any CPU
		{BC3755CF-12D8-42F3-ACB5-F7CC11218CD7}.Release|Any CPU.Build.0 = Release|Any CPU
		{B55572A6-D9B4-45CA-8648-EE7E87638948}.Debug|Any CPU.ActiveCfg = Debug|Any CPU
		{B55572A6-D9B4-45CA-8648-EE7E87638948}.Debug|Any CPU.Build.0 = Debug|Any CPU
		{B55572A6-D9B4-45CA-8648-EE7E87638948}.Release|Any CPU.ActiveCfg = Release|Any CPU
		{B55572A6-D9B4-45CA-8648-EE7E87638948}.Release|Any CPU.Build.0 = Release|Any CPU
		{77226287-7F3C-47E9-BD8B-9D9B82CAAC9E}.Debug|Any CPU.ActiveCfg = Debug|Any CPU
		{77226287-7F3C-47E9-BD8B-9D9B82CAAC9E}.Debug|Any CPU.Build.0 = Debug|Any CPU
		{77226287-7F3C-47E9-BD8B-9D9B82CAAC9E}.Release|Any CPU.ActiveCfg = Release|Any CPU
		{77226287-7F3C-47E9-BD8B-9D9B82CAAC9E}.Release|Any CPU.Build.0 = Release|Any CPU
		{066B378A-8E28-49F9-8EAB-0D70FF0AE939}.Debug|Any CPU.ActiveCfg = Debug|Any CPU
		{066B378A-8E28-49F9-8EAB-0D70FF0AE939}.Debug|Any CPU.Build.0 = Debug|Any CPU
		{066B378A-8E28-49F9-8EAB-0D70FF0AE939}.Release|Any CPU.ActiveCfg = Release|Any CPU
		{066B378A-8E28-49F9-8EAB-0D70FF0AE939}.Release|Any CPU.Build.0 = Release|Any CPU
		{D9B675D0-8B64-46CC-8959-6D9426313EA3}.Debug|Any CPU.ActiveCfg = Debug|Any CPU
		{D9B675D0-8B64-46CC-8959-6D9426313EA3}.Debug|Any CPU.Build.0 = Debug|Any CPU
		{D9B675D0-8B64-46CC-8959-6D9426313EA3}.Release|Any CPU.ActiveCfg = Release|Any CPU
		{D9B675D0-8B64-46CC-8959-6D9426313EA3}.Release|Any CPU.Build.0 = Release|Any CPU
		{5909D55A-E408-4D64-A0E9-92682D3096E0}.Debug|Any CPU.ActiveCfg = Debug|Any CPU
		{5909D55A-E408-4D64-A0E9-92682D3096E0}.Debug|Any CPU.Build.0 = Debug|Any CPU
		{5909D55A-E408-4D64-A0E9-92682D3096E0}.Release|Any CPU.ActiveCfg = Release|Any CPU
		{5909D55A-E408-4D64-A0E9-92682D3096E0}.Release|Any CPU.Build.0 = Release|Any CPU
		{3F428708-5B9E-4AA6-9768-0E1D5881C466}.Debug|Any CPU.ActiveCfg = Debug|Any CPU
		{3F428708-5B9E-4AA6-9768-0E1D5881C466}.Debug|Any CPU.Build.0 = Debug|Any CPU
		{3F428708-5B9E-4AA6-9768-0E1D5881C466}.Release|Any CPU.ActiveCfg = Release|Any CPU
		{3F428708-5B9E-4AA6-9768-0E1D5881C466}.Release|Any CPU.Build.0 = Release|Any CPU
	EndGlobalSection
	GlobalSection(SolutionProperties) = preSolution
		HideSolutionNode = FALSE
	EndGlobalSection
	GlobalSection(NestedProjects) = preSolution
		{BC3755CF-12D8-42F3-ACB5-F7CC11218CD7} = {A09BDC81-7A8A-46C4-83B9-E7148E5627F5}
		{B55572A6-D9B4-45CA-8648-EE7E87638948} = {A09BDC81-7A8A-46C4-83B9-E7148E5627F5}
		{066B378A-8E28-49F9-8EAB-0D70FF0AE939} = {A09BDC81-7A8A-46C4-83B9-E7148E5627F5}
		{D9B675D0-8B64-46CC-8959-6D9426313EA3} = {A09BDC81-7A8A-46C4-83B9-E7148E5627F5}
		{5909D55A-E408-4D64-A0E9-92682D3096E0} = {3E2C37C5-CC57-4B22-B218-961D8A8100DE}
		{3F428708-5B9E-4AA6-9768-0E1D5881C466} = {3E2C37C5-CC57-4B22-B218-961D8A8100DE}
	EndGlobalSection
	GlobalSection(ExtensibilityGlobals) = postSolution
		SolutionGuid = {85A24F20-DC39-4A89-9EF5-71AD5672F3D0}
	EndGlobalSection
EndGlobal
